
Microsoft Visual Studio Solution File, Format Version 12.00
# Visual Studio 15
VisualStudioVersion = 15.0.28307.168
MinimumVisualStudioVersion = 10.0.40219.1
Project("{FAE04EC0-301F-11D3-BF4B-00C04F79EFBC}") = "Midterm4", "Midterm4\Midterm4.csproj", "{AE46C9EB-8CA7-445C-9D1E-FF341F2F510A}"
EndProject
Global
	GlobalSection(SolutionConfigurationPlatforms) = preSolution
		Debug|Any CPU = Debug|Any CPU
		Release|Any CPU = Release|Any CPU
	EndGlobalSection
	GlobalSection(ProjectConfigurationPlatforms) = postSolution
		{AE46C9EB-8CA7-445C-9D1E-FF341F2F510A}.Debug|Any CPU.ActiveCfg = Debug|Any CPU
		{AE46C9EB-8CA7-445C-9D1E-FF341F2F510A}.Debug|Any CPU.Build.0 = Debug|Any CPU
		{AE46C9EB-8CA7-445C-9D1E-FF341F2F510A}.Release|Any CPU.ActiveCfg = Release|Any CPU
		{AE46C9EB-8CA7-445C-9D1E-FF341F2F510A}.Release|Any CPU.Build.0 = Release|Any CPU
	EndGlobalSection
	GlobalSection(SolutionProperties) = preSolution
		HideSolutionNode = FALSE
	EndGlobalSection
	GlobalSection(ExtensibilityGlobals) = postSolution
		SolutionGuid = {CF7BB4E4-12CF-49F6-B0CD-FE0195532220}
	EndGlobalSection
EndGlobal
