
Microsoft Visual Studio Solution File, Format Version 12.00
# Visual Studio 15
VisualStudioVersion = 15.0.28307.168
MinimumVisualStudioVersion = 10.0.40219.1
Project("{FAE04EC0-301F-11D3-BF4B-00C04F79EFBC}") = "My Inventory", "My Inventory\My Inventory.csproj", "{43E3C5DA-6AE9-4325-A02D-E7762DE04D5C}"
EndProject
Global
	GlobalSection(SolutionConfigurationPlatforms) = preSolution
		Debug|Any CPU = Debug|Any CPU
		Release|Any CPU = Release|Any CPU
	EndGlobalSection
	GlobalSection(ProjectConfigurationPlatforms) = postSolution
		{43E3C5DA-6AE9-4325-A02D-E7762DE04D5C}.Debug|Any CPU.ActiveCfg = Debug|Any CPU
		{43E3C5DA-6AE9-4325-A02D-E7762DE04D5C}.Debug|Any CPU.Build.0 = Debug|Any CPU
		{43E3C5DA-6AE9-4325-A02D-E7762DE04D5C}.Release|Any CPU.ActiveCfg = Release|Any CPU
		{43E3C5DA-6AE9-4325-A02D-E7762DE04D5C}.Release|Any CPU.Build.0 = Release|Any CPU
	EndGlobalSection
	GlobalSection(SolutionProperties) = preSolution
		HideSolutionNode = FALSE
	EndGlobalSection
	GlobalSection(ExtensibilityGlobals) = postSolution
		SolutionGuid = {202B1725-B747-49D4-85D0-3DFE59DB8C55}
	EndGlobalSection
EndGlobal
